
Microsoft Visual Studio Solution File, Format Version 12.00
# Visual Studio Version 17
VisualStudioVersion = 17.14.36202.13 d17.14
MinimumVisualStudioVersion = 10.0.40219.1
Project("{FAE04EC0-301F-11D3-BF4B-00C04F79EFBC}") = "ThangHN_SE1716_A02_BE", "ThangHN_SE1716_A02_BE\ThangHN_SE1716_A02_BE.csproj", "{C526C386-BEC4-42F9-B9E9-4E1850706324}"
EndProject
Project("{FAE04EC0-301F-11D3-BF4B-00C04F79EFBC}") = "BO", "BO\BO.csproj", "{69C680D0-3A22-4503-B46D-792B32E2F293}"
EndProject
Project("{FAE04EC0-301F-11D3-BF4B-00C04F79EFBC}") = "DAO", "DAO\DAO.csproj", "{D066951E-22B3-440D-B435-785D2407061B}"
EndProject
Project("{FAE04EC0-301F-11D3-BF4B-00C04F79EFBC}") = "Repository", "Repository\Repository.csproj", "{2EF3CE53-C93A-4D94-A287-92DD7B53518D}"
EndProject
Project("{FAE04EC0-301F-11D3-BF4B-00C04F79EFBC}") = "Service", "Service\Service.csproj", "{8B2EF152-8DA8-4336-92CE-785F505EC825}"
EndProject
Global
	GlobalSection(SolutionConfigurationPlatforms) = preSolution
		Debug|Any CPU = Debug|Any CPU
		Release|Any CPU = Release|Any CPU
	EndGlobalSection
	GlobalSection(ProjectConfigurationPlatforms) = postSolution
		{C526C386-BEC4-42F9-B9E9-4E1850706324}.Debug|Any CPU.ActiveCfg = Debug|Any CPU
		{C526C386-BEC4-42F9-B9E9-4E1850706324}.Debug|Any CPU.Build.0 = Debug|Any CPU
		{C526C386-BEC4-42F9-B9E9-4E1850706324}.Release|Any CPU.ActiveCfg = Release|Any CPU
		{C526C386-BEC4-42F9-B9E9-4E1850706324}.Release|Any CPU.Build.0 = Release|Any CPU
		{69C680D0-3A22-4503-B46D-792B32E2F293}.Debug|Any CPU.ActiveCfg = Debug|Any CPU
		{69C680D0-3A22-4503-B46D-792B32E2F293}.Debug|Any CPU.Build.0 = Debug|Any CPU
		{69C680D0-3A22-4503-B46D-792B32E2F293}.Release|Any CPU.ActiveCfg = Release|Any CPU
		{69C680D0-3A22-4503-B46D-792B32E2F293}.Release|Any CPU.Build.0 = Release|Any CPU
		{D066951E-22B3-440D-B435-785D2407061B}.Debug|Any CPU.ActiveCfg = Debug|Any CPU
		{D066951E-22B3-440D-B435-785D2407061B}.Debug|Any CPU.Build.0 = Debug|Any CPU
		{D066951E-22B3-440D-B435-785D2407061B}.Release|Any CPU.ActiveCfg = Release|Any CPU
		{D066951E-22B3-440D-B435-785D2407061B}.Release|Any CPU.Build.0 = Release|Any CPU
		{2EF3CE53-C93A-4D94-A287-92DD7B53518D}.Debug|Any CPU.ActiveCfg = Debug|Any CPU
		{2EF3CE53-C93A-4D94-A287-92DD7B53518D}.Debug|Any CPU.Build.0 = Debug|Any CPU
		{2EF3CE53-C93A-4D94-A287-92DD7B53518D}.Release|Any CPU.ActiveCfg = Release|Any CPU
		{2EF3CE53-C93A-4D94-A287-92DD7B53518D}.Release|Any CPU.Build.0 = Release|Any CPU
		{8B2EF152-8DA8-4336-92CE-785F505EC825}.Debug|Any CPU.ActiveCfg = Debug|Any CPU
		{8B2EF152-8DA8-4336-92CE-785F505EC825}.Debug|Any CPU.Build.0 = Debug|Any CPU
		{8B2EF152-8DA8-4336-92CE-785F505EC825}.Release|Any CPU.ActiveCfg = Release|Any CPU
		{8B2EF152-8DA8-4336-92CE-785F505EC825}.Release|Any CPU.Build.0 = Release|Any CPU
	EndGlobalSection
	GlobalSection(SolutionProperties) = preSolution
		HideSolutionNode = FALSE
	EndGlobalSection
	GlobalSection(ExtensibilityGlobals) = postSolution
		SolutionGuid = {2355ABDC-8215-4406-B68A-275212B9B561}
	EndGlobalSection
EndGlobal
